
Microsoft Visual Studio Solution File, Format Version 12.00
# Visual Studio Version 17
VisualStudioVersion = 17.4.33205.214
MinimumVisualStudioVersion = 10.0.40219.1
Project("{9A19103F-16F7-4668-BE54-9A1E7A4F7556}") = "CalCulTests", "CalCul\CalCulTests.csproj", "{60A803FB-0ED6-474B-9DE3-6176C6D7DC8F}"
EndProject
Project("{FAE04EC0-301F-11D3-BF4B-00C04F79EFBC}") = "CalCulWPF", "CalCulWPF\CalCulWPF.csproj", "{162AE957-9332-4E06-BF69-1B3681157CEA}"
EndProject
Global
	GlobalSection(SolutionConfigurationPlatforms) = preSolution
		Debug|Any CPU = Debug|Any CPU
		Release|Any CPU = Release|Any CPU
	EndGlobalSection
	GlobalSection(ProjectConfigurationPlatforms) = postSolution
		{60A803FB-0ED6-474B-9DE3-6176C6D7DC8F}.Debug|Any CPU.ActiveCfg = Debug|Any CPU
		{60A803FB-0ED6-474B-9DE3-6176C6D7DC8F}.Debug|Any CPU.Build.0 = Debug|Any CPU
		{60A803FB-0ED6-474B-9DE3-6176C6D7DC8F}.Release|Any CPU.ActiveCfg = Release|Any CPU
		{60A803FB-0ED6-474B-9DE3-6176C6D7DC8F}.Release|Any CPU.Build.0 = Release|Any CPU
		{162AE957-9332-4E06-BF69-1B3681157CEA}.Debug|Any CPU.ActiveCfg = Debug|Any CPU
		{162AE957-9332-4E06-BF69-1B3681157CEA}.Debug|Any CPU.Build.0 = Debug|Any CPU
		{162AE957-9332-4E06-BF69-1B3681157CEA}.Release|Any CPU.ActiveCfg = Release|Any CPU
		{162AE957-9332-4E06-BF69-1B3681157CEA}.Release|Any CPU.Build.0 = Release|Any CPU
	EndGlobalSection
	GlobalSection(SolutionProperties) = preSolution
		HideSolutionNode = FALSE
	EndGlobalSection
	GlobalSection(ExtensibilityGlobals) = postSolution
		SolutionGuid = {84FD4A08-0DD3-4692-9CB2-EB777B4C0888}
	EndGlobalSection
EndGlobal
